
Microsoft Visual Studio Solution File, Format Version 12.00
# Visual Studio Version 17
VisualStudioVersion = 17.5.33530.505
MinimumVisualStudioVersion = 10.0.40219.1
Project("{FAE04EC0-301F-11D3-BF4B-00C04F79EFBC}") = "JsonToXml_Config", "JsonToXml_Config\JsonToXml_Config.csproj", "{0411076B-901A-4BED-95CD-35BCB16B5EE4}"
EndProject
Project("{FAE04EC0-301F-11D3-BF4B-00C04F79EFBC}") = "JsonToXml_Lib", "JsonToXml_Lib\JsonToXml_Lib.csproj", "{BED27F98-8D2E-4DE5-B02C-D04C23926161}"
EndProject
Project("{FAE04EC0-301F-11D3-BF4B-00C04F79EFBC}") = "JsonToXml", "JsonToXml\JsonToXml.csproj", "{20BBDB31-C746-462A-9848-A6C84523E87A}"
EndProject
Global
	GlobalSection(SolutionConfigurationPlatforms) = preSolution
		Debug|Any CPU = Debug|Any CPU
		Release|Any CPU = Release|Any CPU
	EndGlobalSection
	GlobalSection(ProjectConfigurationPlatforms) = postSolution
		{0411076B-901A-4BED-95CD-35BCB16B5EE4}.Debug|Any CPU.ActiveCfg = Debug|Any CPU
		{0411076B-901A-4BED-95CD-35BCB16B5EE4}.Debug|Any CPU.Build.0 = Debug|Any CPU
		{0411076B-901A-4BED-95CD-35BCB16B5EE4}.Release|Any CPU.ActiveCfg = Release|Any CPU
		{0411076B-901A-4BED-95CD-35BCB16B5EE4}.Release|Any CPU.Build.0 = Release|Any CPU
		{BED27F98-8D2E-4DE5-B02C-D04C23926161}.Debug|Any CPU.ActiveCfg = Debug|Any CPU
		{BED27F98-8D2E-4DE5-B02C-D04C23926161}.Debug|Any CPU.Build.0 = Debug|Any CPU
		{BED27F98-8D2E-4DE5-B02C-D04C23926161}.Release|Any CPU.ActiveCfg = Release|Any CPU
		{BED27F98-8D2E-4DE5-B02C-D04C23926161}.Release|Any CPU.Build.0 = Release|Any CPU
		{20BBDB31-C746-462A-9848-A6C84523E87A}.Debug|Any CPU.ActiveCfg = Debug|Any CPU
		{20BBDB31-C746-462A-9848-A6C84523E87A}.Debug|Any CPU.Build.0 = Debug|Any CPU
		{20BBDB31-C746-462A-9848-A6C84523E87A}.Release|Any CPU.ActiveCfg = Release|Any CPU
		{20BBDB31-C746-462A-9848-A6C84523E87A}.Release|Any CPU.Build.0 = Release|Any CPU
	EndGlobalSection
	GlobalSection(SolutionProperties) = preSolution
		HideSolutionNode = FALSE
	EndGlobalSection
	GlobalSection(ExtensibilityGlobals) = postSolution
		SolutionGuid = {72B32243-48D0-496B-9559-D602F18EFEA4}
	EndGlobalSection
EndGlobal
